
Microsoft Visual Studio Solution File, Format Version 12.00
# Visual Studio Version 16
VisualStudioVersion = 16.0.31613.86
MinimumVisualStudioVersion = 10.0.40219.1
Project("{FAE04EC0-301F-11D3-BF4B-00C04F79EFBC}") = "learninganularapi", "learninganularapi\learninganularapi.csproj", "{68EF63D0-50D6-46DE-8669-D8D1BFAA093B}"
EndProject
Global
	GlobalSection(SolutionConfigurationPlatforms) = preSolution
		Debug|Any CPU = Debug|Any CPU
		Release|Any CPU = Release|Any CPU
	EndGlobalSection
	GlobalSection(ProjectConfigurationPlatforms) = postSolution
		{68EF63D0-50D6-46DE-8669-D8D1BFAA093B}.Debug|Any CPU.ActiveCfg = Debug|Any CPU
		{68EF63D0-50D6-46DE-8669-D8D1BFAA093B}.Debug|Any CPU.Build.0 = Debug|Any CPU
		{68EF63D0-50D6-46DE-8669-D8D1BFAA093B}.Release|Any CPU.ActiveCfg = Release|Any CPU
		{68EF63D0-50D6-46DE-8669-D8D1BFAA093B}.Release|Any CPU.Build.0 = Release|Any CPU
	EndGlobalSection
	GlobalSection(SolutionProperties) = preSolution
		HideSolutionNode = FALSE
	EndGlobalSection
	GlobalSection(ExtensibilityGlobals) = postSolution
		SolutionGuid = {CADD921A-0777-4048-A563-E8566674D280}
	EndGlobalSection
EndGlobal
